
Microsoft Visual Studio Solution File, Format Version 12.00
# Visual Studio Version 17
VisualStudioVersion = 17.6.33712.159
MinimumVisualStudioVersion = 10.0.40219.1
Project("{9A19103F-16F7-4668-BE54-9A1E7A4F7556}") = "ColorStudio.Shared", "src\ColorStudio.Shared\ColorStudio.Shared.csproj", "{8F114E98-74EF-4D76-8E74-D6235CD712FA}"
EndProject
Project("{9A19103F-16F7-4668-BE54-9A1E7A4F7556}") = "ColorStudio.MAUI", "src\ColorStudio.MAUI\ColorStudio.MAUI.csproj", "{E15A3B34-FDE6-4CBC-8FFC-A87FDAC944FD}"
EndProject
Project("{9A19103F-16F7-4668-BE54-9A1E7A4F7556}") = "ColorStudio.Console", "src\ColorStudio.Console\ColorStudio.Console.csproj", "{691E3C55-06DD-4F4F-8876-2C1F23D40396}"
EndProject
Global
	GlobalSection(SolutionConfigurationPlatforms) = preSolution
		Debug|Any CPU = Debug|Any CPU
		Debug|ARM64 = Debug|ARM64
		Debug|x64 = Debug|x64
		Debug|x86 = Debug|x86
		Release|Any CPU = Release|Any CPU
		Release|ARM64 = Release|ARM64
		Release|x64 = Release|x64
		Release|x86 = Release|x86
	EndGlobalSection
	GlobalSection(ProjectConfigurationPlatforms) = postSolution
		{8F114E98-74EF-4D76-8E74-D6235CD712FA}.Debug|Any CPU.ActiveCfg = Debug|Any CPU
		{8F114E98-74EF-4D76-8E74-D6235CD712FA}.Debug|Any CPU.Build.0 = Debug|Any CPU
		{8F114E98-74EF-4D76-8E74-D6235CD712FA}.Debug|ARM64.ActiveCfg = Debug|Any CPU
		{8F114E98-74EF-4D76-8E74-D6235CD712FA}.Debug|ARM64.Build.0 = Debug|Any CPU
		{8F114E98-74EF-4D76-8E74-D6235CD712FA}.Debug|x64.ActiveCfg = Debug|Any CPU
		{8F114E98-74EF-4D76-8E74-D6235CD712FA}.Debug|x64.Build.0 = Debug|Any CPU
		{8F114E98-74EF-4D76-8E74-D6235CD712FA}.Debug|x86.ActiveCfg = Debug|Any CPU
		{8F114E98-74EF-4D76-8E74-D6235CD712FA}.Debug|x86.Build.0 = Debug|Any CPU
		{8F114E98-74EF-4D76-8E74-D6235CD712FA}.Release|Any CPU.ActiveCfg = Release|Any CPU
		{8F114E98-74EF-4D76-8E74-D6235CD712FA}.Release|Any CPU.Build.0 = Release|Any CPU
		{8F114E98-74EF-4D76-8E74-D6235CD712FA}.Release|ARM64.ActiveCfg = Release|Any CPU
		{8F114E98-74EF-4D76-8E74-D6235CD712FA}.Release|ARM64.Build.0 = Release|Any CPU
		{8F114E98-74EF-4D76-8E74-D6235CD712FA}.Release|x64.ActiveCfg = Release|Any CPU
		{8F114E98-74EF-4D76-8E74-D6235CD712FA}.Release|x64.Build.0 = Release|Any CPU
		{8F114E98-74EF-4D76-8E74-D6235CD712FA}.Release|x86.ActiveCfg = Release|Any CPU
		{8F114E98-74EF-4D76-8E74-D6235CD712FA}.Release|x86.Build.0 = Release|Any CPU
		{E15A3B34-FDE6-4CBC-8FFC-A87FDAC944FD}.Debug|Any CPU.ActiveCfg = Debug|Any CPU
		{E15A3B34-FDE6-4CBC-8FFC-A87FDAC944FD}.Debug|Any CPU.Build.0 = Debug|Any CPU
		{E15A3B34-FDE6-4CBC-8FFC-A87FDAC944FD}.Debug|Any CPU.Deploy.0 = Debug|Any CPU
		{E15A3B34-FDE6-4CBC-8FFC-A87FDAC944FD}.Debug|ARM64.ActiveCfg = Debug|Any CPU
		{E15A3B34-FDE6-4CBC-8FFC-A87FDAC944FD}.Debug|ARM64.Build.0 = Debug|Any CPU
		{E15A3B34-FDE6-4CBC-8FFC-A87FDAC944FD}.Debug|ARM64.Deploy.0 = Debug|Any CPU
		{E15A3B34-FDE6-4CBC-8FFC-A87FDAC944FD}.Debug|x64.ActiveCfg = Debug|Any CPU
		{E15A3B34-FDE6-4CBC-8FFC-A87FDAC944FD}.Debug|x64.Build.0 = Debug|Any CPU
		{E15A3B34-FDE6-4CBC-8FFC-A87FDAC944FD}.Debug|x64.Deploy.0 = Debug|Any CPU
		{E15A3B34-FDE6-4CBC-8FFC-A87FDAC944FD}.Debug|x86.ActiveCfg = Debug|Any CPU
		{E15A3B34-FDE6-4CBC-8FFC-A87FDAC944FD}.Debug|x86.Build.0 = Debug|Any CPU
		{E15A3B34-FDE6-4CBC-8FFC-A87FDAC944FD}.Debug|x86.Deploy.0 = Debug|Any CPU
		{E15A3B34-FDE6-4CBC-8FFC-A87FDAC944FD}.Release|Any CPU.ActiveCfg = Release|Any CPU
		{E15A3B34-FDE6-4CBC-8FFC-A87FDAC944FD}.Release|Any CPU.Build.0 = Release|Any CPU
		{E15A3B34-FDE6-4CBC-8FFC-A87FDAC944FD}.Release|Any CPU.Deploy.0 = Release|Any CPU
		{E15A3B34-FDE6-4CBC-8FFC-A87FDAC944FD}.Release|ARM64.ActiveCfg = Release|Any CPU
		{E15A3B34-FDE6-4CBC-8FFC-A87FDAC944FD}.Release|ARM64.Build.0 = Release|Any CPU
		{E15A3B34-FDE6-4CBC-8FFC-A87FDAC944FD}.Release|ARM64.Deploy.0 = Release|Any CPU
		{E15A3B34-FDE6-4CBC-8FFC-A87FDAC944FD}.Release|x64.ActiveCfg = Release|Any CPU
		{E15A3B34-FDE6-4CBC-8FFC-A87FDAC944FD}.Release|x64.Build.0 = Release|Any CPU
		{E15A3B34-FDE6-4CBC-8FFC-A87FDAC944FD}.Release|x64.Deploy.0 = Release|Any CPU
		{E15A3B34-FDE6-4CBC-8FFC-A87FDAC944FD}.Release|x86.ActiveCfg = Release|Any CPU
		{E15A3B34-FDE6-4CBC-8FFC-A87FDAC944FD}.Release|x86.Build.0 = Release|Any CPU
		{E15A3B34-FDE6-4CBC-8FFC-A87FDAC944FD}.Release|x86.Deploy.0 = Release|Any CPU
		{691E3C55-06DD-4F4F-8876-2C1F23D40396}.Debug|Any CPU.ActiveCfg = Debug|Any CPU
		{691E3C55-06DD-4F4F-8876-2C1F23D40396}.Debug|Any CPU.Build.0 = Debug|Any CPU
		{691E3C55-06DD-4F4F-8876-2C1F23D40396}.Debug|ARM64.ActiveCfg = Debug|Any CPU
		{691E3C55-06DD-4F4F-8876-2C1F23D40396}.Debug|ARM64.Build.0 = Debug|Any CPU
		{691E3C55-06DD-4F4F-8876-2C1F23D40396}.Debug|x64.ActiveCfg = Debug|Any CPU
		{691E3C55-06DD-4F4F-8876-2C1F23D40396}.Debug|x64.Build.0 = Debug|Any CPU
		{691E3C55-06DD-4F4F-8876-2C1F23D40396}.Debug|x86.ActiveCfg = Debug|Any CPU
		{691E3C55-06DD-4F4F-8876-2C1F23D40396}.Debug|x86.Build.0 = Debug|Any CPU
		{691E3C55-06DD-4F4F-8876-2C1F23D40396}.Release|Any CPU.ActiveCfg = Release|Any CPU
		{691E3C55-06DD-4F4F-8876-2C1F23D40396}.Release|Any CPU.Build.0 = Release|Any CPU
		{691E3C55-06DD-4F4F-8876-2C1F23D40396}.Release|ARM64.ActiveCfg = Release|Any CPU
		{691E3C55-06DD-4F4F-8876-2C1F23D40396}.Release|ARM64.Build.0 = Release|Any CPU
		{691E3C55-06DD-4F4F-8876-2C1F23D40396}.Release|x64.ActiveCfg = Release|Any CPU
		{691E3C55-06DD-4F4F-8876-2C1F23D40396}.Release|x64.Build.0 = Release|Any CPU
		{691E3C55-06DD-4F4F-8876-2C1F23D40396}.Release|x86.ActiveCfg = Release|Any CPU
		{691E3C55-06DD-4F4F-8876-2C1F23D40396}.Release|x86.Build.0 = Release|Any CPU
	EndGlobalSection
	GlobalSection(SolutionProperties) = preSolution
		HideSolutionNode = FALSE
	EndGlobalSection
	GlobalSection(ExtensibilityGlobals) = postSolution
		SolutionGuid = {9BA563B0-917E-4C2B-80E9-7C6F76311C30}
	EndGlobalSection
EndGlobal
